// !$*UTF8*$!
{
	archiveVersion = 1;
	classes = {
	};
	objectVersion = 46;
	objects = {

/* Begin PBXBuildFile section */
		B8C94C891E6019B9009EAD09 /* AppDelegate.m in Sources */ = {isa = PBXBuildFile; fileRef = B8C94C881E6019B9009EAD09 /* AppDelegate.m */; };
		B8C94C8C1E6019B9009EAD09 /* main.m in Sources */ = {isa = PBXBuildFile; fileRef = B8C94C8B1E6019B9009EAD09 /* main.m */; };
		B8C94C8E1E6019B9009EAD09 /* Assets.xcassets in Resources */ = {isa = PBXBuildFile; fileRef = B8C94C8D1E6019B9009EAD09 /* Assets.xcassets */; };
		B8C94C911E6019B9009EAD09 /* MainMenu.xib in Resources */ = {isa = PBXBuildFile; fileRef = B8C94C8F1E6019B9009EAD09 /* MainMenu.xib */; };
		B8C94C9C1E6019F0009EAD09 /* iAlert.m in Sources */ = {isa = PBXBuildFile; fileRef = B8C94C9B1E6019F0009EAD09 /* iAlert.m */; };
/* End PBXBuildFile section */

/* Begin PBXFileReference section */
		B8C94C841E6019B9009EAD09 /* iAlert.app */ = {isa = PBXFileReference; explicitFileType = wrapper.application; includeInIndex = 0; path = iAlert.app; sourceTree = BUILT_PRODUCTS_DIR; };
		B8C94C871E6019B9009EAD09 /* AppDelegate.h */ = {isa = PBXFileReference; lastKnownFileType = sourcecode.c.h; path = AppDelegate.h; sourceTree = "<group>"; };
		B8C94C881E6019B9009EAD09 /* AppDelegate.m */ = {isa = PBXFileReference; lastKnownFileType = sourcecode.c.objc; path = AppDelegate.m; sourceTree = "<group>"; };
		B8C94C8B1E6019B9009EAD09 /* main.m */ = {isa = PBXFileReference; lastKnownFileType = sourcecode.c.objc; path = main.m; sourceTree = "<group>"; };
		B8C94C8D1E6019B9009EAD09 /* Assets.xcassets */ = {isa = PBXFileReference; lastKnownFileType = folder.assetcatalog; path = Assets.xcassets; sourceTree = "<group>"; };
		B8C94C901E6019B9009EAD09 /* Base */ = {isa = PBXFileReference; lastKnownFileType = file.xib; name = Base; path = Base.lproj/MainMenu.xib; sourceTree = "<group>"; };
		B8C94C921E6019B9009EAD09 /* Info.plist */ = {isa = PBXFileReference; lastKnownFileType = text.plist.xml; path = Info.plist; sourceTree = "<group>"; };
		B8C94C981E6019DA009EAD09 /* AppDelegate.h */ = {isa = PBXFileReference; fileEncoding = 4; lastKnownFileType = sourcecode.c.h; path = AppDelegate.h; sourceTree = "<group>"; };
		B8C94C9A1E6019F0009EAD09 /* iAlert.h */ = {isa = PBXFileReference; fileEncoding = 4; lastKnownFileType = sourcecode.c.h; path = iAlert.h; sourceTree = "<group>"; };
		B8C94C9B1E6019F0009EAD09 /* iAlert.m */ = {isa = PBXFileReference; fileEncoding = 4; lastKnownFileType = sourcecode.c.objc; path = iAlert.m; sourceTree = "<group>"; };
/* End PBXFileReference section */

/* Begin PBXFrameworksBuildPhase section */
		B8C94C811E6019B9009EAD09 /* Frameworks */ = {
			isa = PBXFrameworksBuildPhase;
			buildActionMask = 2147483647;
			files = (
			);
			runOnlyForDeploymentPostprocessing = 0;
		};
/* End PBXFrameworksBuildPhase section */

/* Begin PBXGroup section */
		B8C94C7B1E6019B9009EAD09 = {
			isa = PBXGroup;
			children = (
				B8C94C861E6019B9009EAD09 /* iAlert */,
				B8C94C851E6019B9009EAD09 /* Products */,
			);
			sourceTree = "<group>";
		};
		B8C94C851E6019B9009EAD09 /* Products */ = {
			isa = PBXGroup;
			children = (
				B8C94C841E6019B9009EAD09 /* iAlert.app */,
			);
			name = Products;
			sourceTree = "<group>";
		};
		B8C94C861E6019B9009EAD09 /* iAlert */ = {
			isa = PBXGroup;
			children = (
				B8C94C991E6019EB009EAD09 /* iAlert */,
				B8C94C981E6019DA009EAD09 /* AppDelegate.h */,
				B8C94C871E6019B9009EAD09 /* AppDelegate.h */,
				B8C94C881E6019B9009EAD09 /* AppDelegate.m */,
				B8C94C8D1E6019B9009EAD09 /* Assets.xcassets */,
				B8C94C8F1E6019B9009EAD09 /* MainMenu.xib */,
				B8C94C921E6019B9009EAD09 /* Info.plist */,
				B8C94C8A1E6019B9009EAD09 /* Supporting Files */,
			);
			path = iAlert;
			sourceTree = "<group>";
		};
		B8C94C8A1E6019B9009EAD09 /* Supporting Files */ = {
			isa = PBXGroup;
			children = (
				B8C94C8B1E6019B9009EAD09 /* main.m */,
			);
			name = "Supporting Files";
			sourceTree = "<group>";
		};
		B8C94C991E6019EB009EAD09 /* iAlert */ = {
			isa = PBXGroup;
			children = (
				B8C94C9A1E6019F0009EAD09 /* iAlert.h */,
				B8C94C9B1E6019F0009EAD09 /* iAlert.m */,
			);
			path = iAlert;
			sourceTree = "<group>";
		};
/* End PBXGroup section */

/* Begin PBXNativeTarget section */
		B8C94C831E6019B9009EAD09 /* iAlert */ = {
			isa = PBXNativeTarget;
			buildConfigurationList = B8C94C951E6019B9009EAD09 /* Build configuration list for PBXNativeTarget "iAlert" */;
			buildPhases = (
				B8C94C801E6019B9009EAD09 /* Sources */,
				B8C94C811E6019B9009EAD09 /* Frameworks */,
				B8C94C821E6019B9009EAD09 /* Resources */,
			);
			buildRules = (
			);
			dependencies = (
			);
			name = iAlert;
			productName = iAlert;
			productReference = B8C94C841E6019B9009EAD09 /* iAlert.app */;
			productType = "com.apple.product-type.application";
		};
/* End PBXNativeTarget section */

/* Begin PBXProject section */
		B8C94C7C1E6019B9009EAD09 /* Project object */ = {
			isa = PBXProject;
			attributes = {
				LastUpgradeCheck = 0820;
				ORGANIZATIONNAME = Jakey;
				TargetAttributes = {
					B8C94C831E6019B9009EAD09 = {
						CreatedOnToolsVersion = 8.2.1;
						ProvisioningStyle = Automatic;
					};
				};
			};
			buildConfigurationList = B8C94C7F1E6019B9009EAD09 /* Build configuration list for PBXProject "iAlert" */;
			compatibilityVersion = "Xcode 3.2";
			developmentRegion = English;
			hasScannedForEncodings = 0;
			knownRegions = (
				en,
				Base,
			);
			mainGroup = B8C94C7B1E6019B9009EAD09;
			productRefGroup = B8C94C851E6019B9009EAD09 /* Products */;
			projectDirPath = "";
			projectRoot = "";
			targets = (
				B8C94C831E6019B9009EAD09 /* iAlert */,
			);
		};
/* End PBXProject section */

/* Begin PBXResourcesBuildPhase section */
		B8C94C821E6019B9009EAD09 /* Resources */ = {
			isa = PBXResourcesBuildPhase;
			buildActionMask = 2147483647;
			files = (
				B8C94C8E1E6019B9009EAD09 /* Assets.xcassets in Resources */,
				B8C94C911E6019B9009EAD09 /* MainMenu.xib in Resources */,
			);
			runOnlyForDeploymentPostprocessing = 0;
		};
/* End PBXResourcesBuildPhase section */

/* Begin PBXSourcesBuildPhase section */
		B8C94C801E6019B9009EAD09 /* Sources */ = {
			isa = PBXSourcesBuildPhase;
			buildActionMask = 2147483647;
			files = (
				B8C94C8C1E6019B9009EAD09 /* main.m in Sources */,
				B8C94C891E6019B9009EAD09 /* AppDelegate.m in Sources */,
				B8C94C9C1E6019F0009EAD09 /* iAlert.m in Sources */,
			);
			runOnlyForDeploymentPostprocessing = 0;
		};
/* End PBXSourcesBuildPhase section */

/* Begin PBXVariantGroup section */
		B8C94C8F1E6019B9009EAD09 /* MainMenu.xib */ = {
			isa = PBXVariantGroup;
			children = (
				B8C94C901E6019B9009EAD09 /* Base */,
			);
			name = MainMenu.xib;
			sourceTree = "<group>";
		};
/* End PBXVariantGroup section */

/* Begin XCBuildConfiguration section */
		B8C94C931E6019B9009EAD09 /* Debug */ = {
			isa = XCBuildConfiguration;
			buildSettings = {
				ALWAYS_SEARCH_USER_PATHS = NO;
				CLANG_ANALYZER_NONNULL = YES;
				CLANG_CXX_LANGUAGE_STANDARD = "gnu++0x";
				CLANG_CXX_LIBRARY = "libc++";
				CLANG_ENABLE_MODULES = YES;
				CLANG_ENABLE_OBJC_ARC = YES;
				CLANG_WARN_BOOL_CONVERSION = YES;
				CLANG_WARN_CONSTANT_CONVERSION = YES;
				CLANG_WARN_DIRECT_OBJC_ISA_USAGE = YES_ERROR;
				CLANG_WARN_DOCUMENTATION_COMMENTS = YES;
				CLANG_WARN_EMPTY_BODY = YES;
				CLANG_WARN_ENUM_CONVERSION = YES;
				CLANG_WARN_INFINITE_RECURSION = YES;
				CLANG_WARN_INT_CONVERSION = YES;
				CLANG_WARN_OBJC_ROOT_CLASS = YES_ERROR;
				CLANG_WARN_SUSPICIOUS_MOVE = YES;
				CLANG_WARN_UNREACHABLE_CODE = YES;
				CLANG_WARN__DUPLICATE_METHOD_MATCH = YES;
				CODE_SIGN_IDENTITY = "-";
				COPY_PHASE_STRIP = NO;
				DEBUG_INFORMATION_FORMAT = dwarf;
				ENABLE_STRICT_OBJC_MSGSEND = YES;
				ENABLE_TESTABILITY = YES;
				GCC_C_LANGUAGE_STANDARD = gnu99;
				GCC_DYNAMIC_NO_PIC = NO;
				GCC_NO_COMMON_BLOCKS = YES;
				GCC_OPTIMIZATION_LEVEL = 0;
				GCC_PREPROCESSOR_DEFINITIONS = (
					"DEBUG=1",
					"$(inherited)",
				);
				GCC_WARN_64_TO_32_BIT_CONVERSION = YES;
				GCC_WARN_ABOUT_RETURN_TYPE = YES_ERROR;
				GCC_WARN_UNDECLARED_SELECTOR = YES;
				GCC_WARN_UNINITIALIZED_AUTOS = YES_AGGRESSIVE;
				GCC_WARN_UNUSED_FUNCTION = YES;
				GCC_WARN_UNUSED_VARIABLE = YES;
				MACOSX_DEPLOYMENT_TARGET = 10.9;
				MTL_ENABLE_DEBUG_INFO = YES;
				ONLY_ACTIVE_ARCH = YES;
				SDKROOT = macosx;
			};
			name = Debug;
		};
		B8C94C941E6019B9009EAD09 /* Release */ = {
			isa = XCBuildConfiguration;
			buildSettings = {
				ALWAYS_SEARCH_USER_PATHS = NO;
				CLANG_ANALYZER_NONNULL = YES;
				CLANG_CXX_LANGUAGE_STANDARD = "gnu++0x";
				CLANG_CXX_LIBRARY = "libc++";
				CLANG_ENABLE_MODULES = YES;
				CLANG_ENABLE_OBJC_ARC = YES;
				CLANG_WARN_BOOL_CONVERSION = YES;
				CLANG_WARN_CONSTANT_CONVERSION = YES;
				CLANG_WARN_DIRECT_OBJC_ISA_USAGE = YES_ERROR;
				CLANG_WARN_DOCUMENTATION_COMMENTS = YES;
				CLANG_WARN_EMPTY_BODY = YES;
				CLANG_WARN_ENUM_CONVERSION = YES;
				CLANG_WARN_INFINITE_RECURSION = YES;
				CLANG_WARN_INT_CONVERSION = YES;
				CLANG_WARN_OBJC_ROOT_CLASS = YES_ERROR;
				CLANG_WARN_SUSPICIOUS_MOVE = YES;
				CLANG_WARN_UNREACHABLE_CODE = YES;
				CLANG_WARN__DUPLICATE_METHOD_MATCH = YES;
				CODE_SIGN_IDENTITY = "-";
				COPY_PHASE_STRIP = NO;
				DEBUG_INFORMATION_FORMAT = "dwarf-with-dsym";
				ENABLE_NS_ASSERTIONS = NO;
				ENABLE_STRICT_OBJC_MSGSEND = YES;
				GCC_C_LANGUAGE_STANDARD = gnu99;
				GCC_NO_COMMON_BLOCKS = YES;
				GCC_WARN_64_TO_32_BIT_CONVERSION = YES;
				GCC_WARN_ABOUT_RETURN_TYPE = YES_ERROR;
				GCC_WARN_UNDECLARED_SELECTOR = YES;
				GCC_WARN_UNINITIALIZED_AUTOS = YES_AGGRESSIVE;
				GCC_WARN_UNUSED_FUNCTION = YES;
				GCC_WARN_UNUSED_VARIABLE = YES;
				MACOSX_DEPLOYMENT_TARGET = 10.9;
				MTL_ENABLE_DEBUG_INFO = NO;
				SDKROOT = macosx;
			};
			name = Release;
		};
		B8C94C961E6019B9009EAD09 /* Debug */ = {
			isa = XCBuildConfiguration;
			buildSettings = {
				ASSETCATALOG_COMPILER_APPICON_NAME = AppIcon;
				COMBINE_HIDPI_IMAGES = YES;
				INFOPLIST_FILE = iAlert/Info.plist;
				LD_RUNPATH_SEARCH_PATHS = "$(inherited) @executable_path/../Frameworks";
				MACOSX_DEPLOYMENT_TARGET = 10.9;
				PRODUCT_BUNDLE_IDENTIFIER = org.skyfox.iAlert;
				PRODUCT_NAME = "$(TARGET_NAME)";
			};
			name = Debug;
		};
		B8C94C971E6019B9009EAD09 /* Release */ = {
			isa = XCBuildConfiguration;
			buildSettings = {
				ASSETCATALOG_COMPILER_APPICON_NAME = AppIcon;
				COMBINE_HIDPI_IMAGES = YES;
				INFOPLIST_FILE = iAlert/Info.plist;
				LD_RUNPATH_SEARCH_PATHS = "$(inherited) @executable_path/../Frameworks";
				MACOSX_DEPLOYMENT_TARGET = 10.9;
				PRODUCT_BUNDLE_IDENTIFIER = org.skyfox.iAlert;
				PRODUCT_NAME = "$(TARGET_NAME)";
			};
			name = Release;
		};
/* End XCBuildConfiguration section */

/* Begin XCConfigurationList section */
		B8C94C7F1E6019B9009EAD09 /* Build configuration list for PBXProject "iAlert" */ = {
			isa = XCConfigurationList;
			buildConfigurations = (
				B8C94C931E6019B9009EAD09 /* Debug */,
				B8C94C941E6019B9009EAD09 /* Release */,
			);
			defaultConfigurationIsVisible = 0;
			defaultConfigurationName = Release;
		};
		B8C94C951E6019B9009EAD09 /* Build configuration list for PBXNativeTarget "iAlert" */ = {
			isa = XCConfigurationList;
			buildConfigurations = (
				B8C94C961E6019B9009EAD09 /* Debug */,
				B8C94C971E6019B9009EAD09 /* Release */,
			);
			defaultConfigurationIsVisible = 0;
			defaultConfigurationName = Release;
		};
/* End XCConfigurationList section */
	};
	rootObject = B8C94C7C1E6019B9009EAD09 /* Project object */;
}
